
Microsoft Visual Studio Solution File, Format Version 12.00
# Visual Studio Version 17
VisualStudioVersion = 17.5.33424.131
MinimumVisualStudioVersion = 10.0.40219.1
Project("{FAE04EC0-301F-11D3-BF4B-00C04F79EFBC}") = "Lab5", "Lab5\Lab5.csproj", "{0D8D9579-4DA4-4DDC-8BD4-98070E511A69}"
EndProject
Global
	GlobalSection(SolutionConfigurationPlatforms) = preSolution
		Debug|Any CPU = Debug|Any CPU
		Release|Any CPU = Release|Any CPU
	EndGlobalSection
	GlobalSection(ProjectConfigurationPlatforms) = postSolution
		{0D8D9579-4DA4-4DDC-8BD4-98070E511A69}.Debug|Any CPU.ActiveCfg = Debug|Any CPU
		{0D8D9579-4DA4-4DDC-8BD4-98070E511A69}.Debug|Any CPU.Build.0 = Debug|Any CPU
		{0D8D9579-4DA4-4DDC-8BD4-98070E511A69}.Release|Any CPU.ActiveCfg = Release|Any CPU
		{0D8D9579-4DA4-4DDC-8BD4-98070E511A69}.Release|Any CPU.Build.0 = Release|Any CPU
	EndGlobalSection
	GlobalSection(SolutionProperties) = preSolution
		HideSolutionNode = FALSE
	EndGlobalSection
	GlobalSection(ExtensibilityGlobals) = postSolution
		SolutionGuid = {E4C646FF-4CB6-4748-901C-F72905256240}
	EndGlobalSection
EndGlobal
